
Microsoft Visual Studio Solution File, Format Version 12.00
# Visual Studio Version 16
VisualStudioVersion = 16.0.30611.23
MinimumVisualStudioVersion = 10.0.40219.1
Project("{9A19103F-16F7-4668-BE54-9A1E7A4F7556}") = "DiversifiedPortfolio.API", "DiversifiedPortfolio.API\DiversifiedPortfolio.API.csproj", "{E2BE2AB4-C635-4184-BC6E-23C55C4D22DA}"
EndProject
Project("{9A19103F-16F7-4668-BE54-9A1E7A4F7556}") = "DiversifiedPortfolio.Core", "DiversifiedPortfolio.Core\DiversifiedPortfolio.Core.csproj", "{B416E70D-400F-4180-8EDC-9B5E6DD32EFC}"
EndProject
Project("{2150E333-8FDC-42A3-9474-1A3956D46DE8}") = "Tests", "Tests", "{4D224A96-AF66-44D2-AC74-F9CCF43F5351}"
EndProject
Project("{9A19103F-16F7-4668-BE54-9A1E7A4F7556}") = "DiversifiedPortfolio.Core.Tests", "DiversifiedPortfolio.Core.Tests\DiversifiedPortfolio.Core.Tests.csproj", "{B4BB9ED7-2049-414A-9A2F-8A502E7F470E}"
EndProject
Global
	GlobalSection(SolutionConfigurationPlatforms) = preSolution
		Debug|Any CPU = Debug|Any CPU
		Release|Any CPU = Release|Any CPU
	EndGlobalSection
	GlobalSection(ProjectConfigurationPlatforms) = postSolution
		{E2BE2AB4-C635-4184-BC6E-23C55C4D22DA}.Debug|Any CPU.ActiveCfg = Debug|Any CPU
		{E2BE2AB4-C635-4184-BC6E-23C55C4D22DA}.Debug|Any CPU.Build.0 = Debug|Any CPU
		{E2BE2AB4-C635-4184-BC6E-23C55C4D22DA}.Release|Any CPU.ActiveCfg = Release|Any CPU
		{E2BE2AB4-C635-4184-BC6E-23C55C4D22DA}.Release|Any CPU.Build.0 = Release|Any CPU
		{B416E70D-400F-4180-8EDC-9B5E6DD32EFC}.Debug|Any CPU.ActiveCfg = Debug|Any CPU
		{B416E70D-400F-4180-8EDC-9B5E6DD32EFC}.Debug|Any CPU.Build.0 = Debug|Any CPU
		{B416E70D-400F-4180-8EDC-9B5E6DD32EFC}.Release|Any CPU.ActiveCfg = Release|Any CPU
		{B416E70D-400F-4180-8EDC-9B5E6DD32EFC}.Release|Any CPU.Build.0 = Release|Any CPU
		{B4BB9ED7-2049-414A-9A2F-8A502E7F470E}.Debug|Any CPU.ActiveCfg = Debug|Any CPU
		{B4BB9ED7-2049-414A-9A2F-8A502E7F470E}.Debug|Any CPU.Build.0 = Debug|Any CPU
		{B4BB9ED7-2049-414A-9A2F-8A502E7F470E}.Release|Any CPU.ActiveCfg = Release|Any CPU
		{B4BB9ED7-2049-414A-9A2F-8A502E7F470E}.Release|Any CPU.Build.0 = Release|Any CPU
	EndGlobalSection
	GlobalSection(SolutionProperties) = preSolution
		HideSolutionNode = FALSE
	EndGlobalSection
	GlobalSection(NestedProjects) = preSolution
		{B4BB9ED7-2049-414A-9A2F-8A502E7F470E} = {4D224A96-AF66-44D2-AC74-F9CCF43F5351}
	EndGlobalSection
	GlobalSection(ExtensibilityGlobals) = postSolution
		SolutionGuid = {6974A53E-EFB3-44EC-819E-91324C02DE48}
	EndGlobalSection
EndGlobal
